
Microsoft Visual Studio Solution File, Format Version 12.00
# Visual Studio Version 17
VisualStudioVersion = 17.5.002.0
MinimumVisualStudioVersion = 10.0.40219.1
Project("{FAE04EC0-301F-11D3-BF4B-00C04F79EFBC}") = "SonicRemake", "Game\SonicRemake.csproj", "{9D4D756C-5074-4986-ACE8-7AE1366F989C}"
EndProject
Project("{FAE04EC0-301F-11D3-BF4B-00C04F79EFBC}") = "SonicRemake.Tests", "Tests\SonicRemake.Tests.csproj", "{1CF9BC6D-E3AA-4463-AB38-C59635FD7157}"
EndProject
Global
	GlobalSection(SolutionConfigurationPlatforms) = preSolution
		Debug|Any CPU = Debug|Any CPU
		Release|Any CPU = Release|Any CPU
	EndGlobalSection
	GlobalSection(ProjectConfigurationPlatforms) = postSolution
		{9D4D756C-5074-4986-ACE8-7AE1366F989C}.Debug|Any CPU.ActiveCfg = Debug|Any CPU
		{9D4D756C-5074-4986-ACE8-7AE1366F989C}.Debug|Any CPU.Build.0 = Debug|Any CPU
		{9D4D756C-5074-4986-ACE8-7AE1366F989C}.Release|Any CPU.ActiveCfg = Release|Any CPU
		{9D4D756C-5074-4986-ACE8-7AE1366F989C}.Release|Any CPU.Build.0 = Release|Any CPU
		{1CF9BC6D-E3AA-4463-AB38-C59635FD7157}.Debug|Any CPU.ActiveCfg = Debug|Any CPU
		{1CF9BC6D-E3AA-4463-AB38-C59635FD7157}.Debug|Any CPU.Build.0 = Debug|Any CPU
		{1CF9BC6D-E3AA-4463-AB38-C59635FD7157}.Release|Any CPU.ActiveCfg = Release|Any CPU
		{1CF9BC6D-E3AA-4463-AB38-C59635FD7157}.Release|Any CPU.Build.0 = Release|Any CPU
	EndGlobalSection
	GlobalSection(SolutionProperties) = preSolution
		HideSolutionNode = FALSE
	EndGlobalSection
	GlobalSection(ExtensibilityGlobals) = postSolution
		SolutionGuid = {4A19CD0B-75E0-4B11-9640-0A9B686EFDFC}
	EndGlobalSection
EndGlobal
