
Microsoft Visual Studio Solution File, Format Version 12.00
# Visual Studio Version 17
VisualStudioVersion = 17.5.002.0
MinimumVisualStudioVersion = 10.0.40219.1
Project("{FAE04EC0-301F-11D3-BF4B-00C04F79EFBC}") = "SonicRemake", "SonicRemake\SonicRemake.csproj", "{51867857-89C7-4ED7-961D-F55B362842ED}"
EndProject
Project("{FAE04EC0-301F-11D3-BF4B-00C04F79EFBC}") = "SonicRemake.Tests", "SonicRemake.Tests\SonicRemake.Tests.csproj", "{A729F337-ECAB-4C0E-BD1E-507CE20DBFFB}"
EndProject
Global
	GlobalSection(SolutionConfigurationPlatforms) = preSolution
		Debug|Any CPU = Debug|Any CPU
		Release|Any CPU = Release|Any CPU
	EndGlobalSection
	GlobalSection(ProjectConfigurationPlatforms) = postSolution
		{51867857-89C7-4ED7-961D-F55B362842ED}.Debug|Any CPU.ActiveCfg = Debug|Any CPU
		{51867857-89C7-4ED7-961D-F55B362842ED}.Debug|Any CPU.Build.0 = Debug|Any CPU
		{51867857-89C7-4ED7-961D-F55B362842ED}.Release|Any CPU.ActiveCfg = Release|Any CPU
		{51867857-89C7-4ED7-961D-F55B362842ED}.Release|Any CPU.Build.0 = Release|Any CPU
		{A729F337-ECAB-4C0E-BD1E-507CE20DBFFB}.Debug|Any CPU.ActiveCfg = Debug|Any CPU
		{A729F337-ECAB-4C0E-BD1E-507CE20DBFFB}.Debug|Any CPU.Build.0 = Debug|Any CPU
		{A729F337-ECAB-4C0E-BD1E-507CE20DBFFB}.Release|Any CPU.ActiveCfg = Release|Any CPU
		{A729F337-ECAB-4C0E-BD1E-507CE20DBFFB}.Release|Any CPU.Build.0 = Release|Any CPU
	EndGlobalSection
	GlobalSection(SolutionProperties) = preSolution
		HideSolutionNode = FALSE
	EndGlobalSection
	GlobalSection(ExtensibilityGlobals) = postSolution
		SolutionGuid = {4A19CD0B-75E0-4B11-9640-0A9B686EFDFC}
	EndGlobalSection
EndGlobal
